
Microsoft Visual Studio Solution File, Format Version 12.00
# Visual Studio Version 17
VisualStudioVersion = 17.13.35825.156 d17.13
MinimumVisualStudioVersion = 10.0.40219.1
Project("{FAE04EC0-301F-11D3-BF4B-00C04F79EFBC}") = "TMatrix", "Matrix\TMatrix.csproj", "{EB2F050C-6DD2-46A1-9242-A1004FA6CAEB}"
EndProject
Project("{FAE04EC0-301F-11D3-BF4B-00C04F79EFBC}") = "MyLib", "MyLib\MyLib.csproj", "{ED1E0DC8-85A1-49FD-9685-FA3B7F23513C}"
EndProject
Global
	GlobalSection(SolutionConfigurationPlatforms) = preSolution
		Debug|Any CPU = Debug|Any CPU
		Release|Any CPU = Release|Any CPU
	EndGlobalSection
	GlobalSection(ProjectConfigurationPlatforms) = postSolution
		{EB2F050C-6DD2-46A1-9242-A1004FA6CAEB}.Debug|Any CPU.ActiveCfg = Debug|Any CPU
		{EB2F050C-6DD2-46A1-9242-A1004FA6CAEB}.Debug|Any CPU.Build.0 = Debug|Any CPU
		{EB2F050C-6DD2-46A1-9242-A1004FA6CAEB}.Release|Any CPU.ActiveCfg = Release|Any CPU
		{EB2F050C-6DD2-46A1-9242-A1004FA6CAEB}.Release|Any CPU.Build.0 = Release|Any CPU
		{ED1E0DC8-85A1-49FD-9685-FA3B7F23513C}.Debug|Any CPU.ActiveCfg = Debug|Any CPU
		{ED1E0DC8-85A1-49FD-9685-FA3B7F23513C}.Debug|Any CPU.Build.0 = Debug|Any CPU
		{ED1E0DC8-85A1-49FD-9685-FA3B7F23513C}.Release|Any CPU.ActiveCfg = Release|Any CPU
		{ED1E0DC8-85A1-49FD-9685-FA3B7F23513C}.Release|Any CPU.Build.0 = Release|Any CPU
	EndGlobalSection
	GlobalSection(SolutionProperties) = preSolution
		HideSolutionNode = FALSE
	EndGlobalSection
	GlobalSection(ExtensibilityGlobals) = postSolution
		SolutionGuid = {7C101062-9672-42C0-98E4-48396D15E098}
	EndGlobalSection
EndGlobal
